{
  "name": "prjctNotes",
  "lockfileVersion": 2,
  "requires": true,
  "packages": {
    "": {
      "dependencies": {
        "pocketbase": "^0.8.1"
      }
    },
    "node_modules/pocketbase": {
      "version": "0.8.1",
      "resolved": "https://registry.npmjs.org/pocketbase/-/pocketbase-0.8.1.tgz",
      "integrity": "sha512-6ABZJ6gEvkfT46otZbyC+4JQ8kaV/I3tKP2HcqtBU4QIYKaha/THekVPq0dmpj88oGiTIGf+L1Hd5EXLL/T70w=="
    }
  },
  "dependencies": {
    "pocketbase": {
      "version": "0.8.1",
      "resolved": "https://registry.npmjs.org/pocketbase/-/pocketbase-0.8.1.tgz",
      "integrity": "sha512-6ABZJ6gEvkfT46otZbyC+4JQ8kaV/I3tKP2HcqtBU4QIYKaha/THekVPq0dmpj88oGiTIGf+L1Hd5EXLL/T70w=="
    }
  }
}
